
Microsoft Visual Studio Solution File, Format Version 12.00
# Visual Studio Version 17
VisualStudioVersion = 17.4.33122.133
MinimumVisualStudioVersion = 10.0.40219.1
Project("{8BC9CEB8-8B4A-11D0-8D11-00A0C91BC942}") = "AssignmentVoting", "AssignmentVoting\AssignmentVoting.vcxproj", "{A0E08E4B-2BB2-41D1-AAD8-89CE26C6D896}"
EndProject
Global
	GlobalSection(SolutionConfigurationPlatforms) = preSolution
		Debug|x64 = Debug|x64
		Debug|x86 = Debug|x86
		Release|x64 = Release|x64
		Release|x86 = Release|x86
	EndGlobalSection
	GlobalSection(ProjectConfigurationPlatforms) = postSolution
		{A0E08E4B-2BB2-41D1-AAD8-89CE26C6D896}.Debug|x64.ActiveCfg = Debug|x64
		{A0E08E4B-2BB2-41D1-AAD8-89CE26C6D896}.Debug|x64.Build.0 = Debug|x64
		{A0E08E4B-2BB2-41D1-AAD8-89CE26C6D896}.Debug|x86.ActiveCfg = Debug|Win32
		{A0E08E4B-2BB2-41D1-AAD8-89CE26C6D896}.Debug|x86.Build.0 = Debug|Win32
		{A0E08E4B-2BB2-41D1-AAD8-89CE26C6D896}.Release|x64.ActiveCfg = Release|x64
		{A0E08E4B-2BB2-41D1-AAD8-89CE26C6D896}.Release|x64.Build.0 = Release|x64
		{A0E08E4B-2BB2-41D1-AAD8-89CE26C6D896}.Release|x86.ActiveCfg = Release|Win32
		{A0E08E4B-2BB2-41D1-AAD8-89CE26C6D896}.Release|x86.Build.0 = Release|Win32
	EndGlobalSection
	GlobalSection(SolutionProperties) = preSolution
		HideSolutionNode = FALSE
	EndGlobalSection
	GlobalSection(ExtensibilityGlobals) = postSolution
		SolutionGuid = {0E87E0E4-11D2-441D-974B-DAA4B8ACF307}
	EndGlobalSection
EndGlobal
